{
  "name": "public_html",
  "lockfileVersion": 3,
  "requires": true,
  "packages": {
    "": {
      "dependencies": {
        "blaze-slider": "^1.9.1",
        "pinch-zoom-js": "^2.3.5"
      }
    },
    "node_modules/blaze-slider": {
      "version": "1.9.1",
      "resolved": "https://registry.npmjs.org/blaze-slider/-/blaze-slider-1.9.1.tgz",
      "integrity": "sha512-XD2NQhgI7lrZC4AH6G1AacBXtYMV5W3p3pbu0QJb2V8iRcLrRTO1jNhVTwm1nyTmlmfCQSl3/+5TT+DhdW40cQ=="
    },
    "node_modules/pinch-zoom-js": {
      "version": "2.3.5",
      "resolved": "https://registry.npmjs.org/pinch-zoom-js/-/pinch-zoom-js-2.3.5.tgz",
      "integrity": "sha512-/fydIbmKTbVFINRTd/YytTADpmUBX54K+UEjpACiFN7JT1PkzffcZak8Mabx8o0hbzTsYmaDRmN/89t2U55oTw=="
    }
  }
}
